
Microsoft Visual Studio Solution File, Format Version 12.00
# Visual Studio Version 17
VisualStudioVersion = 17.8.34330.188
MinimumVisualStudioVersion = 10.0.40219.1
Project("{888888A0-9F3D-457C-B088-3A5042F75D52}") = "Algorithm", "Algorithm\Algorithm.pyproj", "{7B4F8EBA-A5D4-4ADF-8EE3-21BAEB1C4140}"
EndProject
Global
	GlobalSection(SolutionConfigurationPlatforms) = preSolution
		Debug|Any CPU = Debug|Any CPU
		Release|Any CPU = Release|Any CPU
	EndGlobalSection
	GlobalSection(ProjectConfigurationPlatforms) = postSolution
		{7B4F8EBA-A5D4-4ADF-8EE3-21BAEB1C4140}.Debug|Any CPU.ActiveCfg = Debug|Any CPU
		{7B4F8EBA-A5D4-4ADF-8EE3-21BAEB1C4140}.Release|Any CPU.ActiveCfg = Release|Any CPU
	EndGlobalSection
	GlobalSection(SolutionProperties) = preSolution
		HideSolutionNode = FALSE
	EndGlobalSection
	GlobalSection(ExtensibilityGlobals) = postSolution
		SolutionGuid = {E48611BF-927C-443B-897B-9D4464E983AC}
	EndGlobalSection
EndGlobal
